<?xml version="1.0" encoding="utf-8"?>
<Project ToolsVersion="4.0" xmlns="http://schemas.microsoft.com/developer/msbuild/2003">
  <ItemGroup>
    <Filter Include="etc">
      <UniqueIdentifier>{d127aed9-b36a-4f7f-a6bf-c7f48a8afdb9}</UniqueIdentifier>
    </Filter>
    <Filter Include="etc\DxMath">
      <UniqueIdentifier>{9c40625f-e6ba-49e4-8794-da8fb1a9c217}</UniqueIdentifier>
    </Filter>
    <Filter Include="etc\lua">
      <UniqueIdentifier>{281705dd-57fc-449c-8782-274ba80b0dab}</UniqueIdentifier>
    </Filter>
    <Filter Include="0.MainServer">
      <UniqueIdentifier>{c9c35727-9195-42c8-bc66-08e3e730b35a}</UniqueIdentifier>
    </Filter>
    <Filter Include="1.Network">
      <UniqueIdentifier>{36ae0bec-6567-4263-934a-9a0b545d34ed}</UniqueIdentifier>
    </Filter>
    <Filter Include="2.Objects">
      <UniqueIdentifier>{6e99c0ea-dc64-4996-b091-a100f3fee50b}</UniqueIdentifier>
    </Filter>
    <Filter Include="3.DataBase">
      <UniqueIdentifier>{23ceb29c-49c7-4051-814b-2e8686cf9908}</UniqueIdentifier>
    </Filter>
  </ItemGroup>
  <ItemGroup>
    <ClCompile Include="Server.cpp">
      <Filter>0.MainServer</Filter>
    </ClCompile>
    <ClCompile Include="Sender.cpp">
      <Filter>1.Network</Filter>
    </ClCompile>
    <ClCompile Include="CServerFrame.cpp">
      <Filter>1.Network</Filter>
    </ClCompile>
    <ClCompile Include="Error.cpp">
      <Filter>1.Network</Filter>
    </ClCompile>
    <ClCompile Include="CObject.cpp">
      <Filter>2.Objects</Filter>
    </ClCompile>
    <ClCompile Include="Player.cpp">
      <Filter>2.Objects</Filter>
    </ClCompile>
    <ClCompile Include="pch.cpp">
      <Filter>etc</Filter>
    </ClCompile>
    <ClCompile Include="DataBase.cpp">
      <Filter>3.DataBase</Filter>
    </ClCompile>
    <ClCompile Include="SimpleMath.cpp">
      <Filter>etc\DxMath</Filter>
    </ClCompile>
    <ClCompile Include="func.cpp">
      <Filter>etc</Filter>
    </ClCompile>
  </ItemGroup>
  <ItemGroup>
    <ClInclude Include="global.h">
      <Filter>etc</Filter>
    </ClInclude>
    <ClInclude Include="pch.h">
      <Filter>etc</Filter>
    </ClInclude>
    <ClInclude Include="Shared.h">
      <Filter>etc</Filter>
    </ClInclude>
    <ClInclude Include="Sender.h">
      <Filter>1.Network</Filter>
    </ClInclude>
    <ClInclude Include="CServerFrame.h">
      <Filter>1.Network</Filter>
    </ClInclude>
    <ClInclude Include="Protocol.h">
      <Filter>etc</Filter>
    </ClInclude>
    <ClInclude Include="Error.h">
      <Filter>1.Network</Filter>
    </ClInclude>
    <ClInclude Include="CObject.h">
      <Filter>2.Objects</Filter>
    </ClInclude>
    <ClInclude Include="Player.h">
      <Filter>2.Objects</Filter>
    </ClInclude>
    <ClInclude Include="DataBase.h">
      <Filter>3.DataBase</Filter>
    </ClInclude>
    <ClInclude Include="SimpleMath.h">
      <Filter>etc\DxMath</Filter>
    </ClInclude>
    <ClInclude Include="..\..\..\01. Project\Engine\define.h">
      <Filter>etc</Filter>
    </ClInclude>
    <ClInclude Include="func.h">
      <Filter>etc</Filter>
    </ClInclude>
  </ItemGroup>
  <ItemGroup>
    <None Include="SimpleMath.inl">
      <Filter>etc\DxMath</Filter>
    </None>
  </ItemGroup>
  <ItemGroup>
    <Library Include="lua53.lib" />
  </ItemGroup>
</Project>